
Microsoft Visual Studio Solution File, Format Version 12.00
# Visual Studio Version 17
VisualStudioVersion = 17.14.36705.20
MinimumVisualStudioVersion = 10.0.40219.1
Project("{2150E333-8FDC-42A3-9474-1A3956D46DE8}") = "01 - InterfaceClient", "01 - InterfaceClient", "{02EA681E-C7D8-13C7-8484-4AC65E1B71E8}"
EndProject
Project("{2150E333-8FDC-42A3-9474-1A3956D46DE8}") = "02 - Application", "02 - Application", "{8C0EC50E-FC1F-4F53-969C-8607A4F8806B}"
EndProject
Project("{2150E333-8FDC-42A3-9474-1A3956D46DE8}") = "03 - Core", "03 - Core", "{671089C9-DD1D-4CB2-A4DD-44EE031F8D6E}"
EndProject
Project("{2150E333-8FDC-42A3-9474-1A3956D46DE8}") = "04 - Data", "04 - Data", "{EA31C0DD-706F-49E8-8504-D08B4144A3E2}"
EndProject
Project("{2150E333-8FDC-42A3-9474-1A3956D46DE8}") = "05 - CrossCutting", "05 - CrossCutting", "{A0EB9694-B4CC-42B4-8950-63B54E9FE7E1}"
EndProject
Project("{FAE04EC0-301F-11D3-BF4B-00C04F79EFBC}") = "ControlStockApi", "01 - InterfaceClient\ControlStockApi\ControlStockApi.csproj", "{89A58887-4B2F-868D-DB40-35DD87628821}"
EndProject
Project("{FAE04EC0-301F-11D3-BF4B-00C04F79EFBC}") = "ControlStock.Application", "02 - Application\ControlStock.Application\ControlStock.Application.csproj", "{95DC6278-9810-626F-1C1F-BD5B6B025A8A}"
EndProject
Project("{FAE04EC0-301F-11D3-BF4B-00C04F79EFBC}") = "ControlStock.Core", "03 - Core\ControlStock.Core\ControlStock.Core.csproj", "{02DE69AE-330C-3FB6-183D-0D20F2B3892F}"
EndProject
Project("{FAE04EC0-301F-11D3-BF4B-00C04F79EFBC}") = "ControlStock.Data", "04 - Data\ControlStock.Data\ControlStock.Data.csproj", "{0B697B50-9E50-FE01-7C16-073613920C32}"
EndProject
Project("{FAE04EC0-301F-11D3-BF4B-00C04F79EFBC}") = "ControlStock.Infra.IoC", "05 - CrossCutting\ControlStock.Infra.IoC\ControlStock.Infra.IoC.csproj", "{69BB43B0-046A-1C18-8874-80DC57FF08C7}"
EndProject
Global
	GlobalSection(SolutionConfigurationPlatforms) = preSolution
		Debug|Any CPU = Debug|Any CPU
		Release|Any CPU = Release|Any CPU
	EndGlobalSection
	GlobalSection(ProjectConfigurationPlatforms) = postSolution
		{89A58887-4B2F-868D-DB40-35DD87628821}.Debug|Any CPU.ActiveCfg = Debug|Any CPU
		{89A58887-4B2F-868D-DB40-35DD87628821}.Debug|Any CPU.Build.0 = Debug|Any CPU
		{89A58887-4B2F-868D-DB40-35DD87628821}.Release|Any CPU.ActiveCfg = Release|Any CPU
		{89A58887-4B2F-868D-DB40-35DD87628821}.Release|Any CPU.Build.0 = Release|Any CPU
		{95DC6278-9810-626F-1C1F-BD5B6B025A8A}.Debug|Any CPU.ActiveCfg = Debug|Any CPU
		{95DC6278-9810-626F-1C1F-BD5B6B025A8A}.Debug|Any CPU.Build.0 = Debug|Any CPU
		{95DC6278-9810-626F-1C1F-BD5B6B025A8A}.Release|Any CPU.ActiveCfg = Release|Any CPU
		{95DC6278-9810-626F-1C1F-BD5B6B025A8A}.Release|Any CPU.Build.0 = Release|Any CPU
		{02DE69AE-330C-3FB6-183D-0D20F2B3892F}.Debug|Any CPU.ActiveCfg = Debug|Any CPU
		{02DE69AE-330C-3FB6-183D-0D20F2B3892F}.Debug|Any CPU.Build.0 = Debug|Any CPU
		{02DE69AE-330C-3FB6-183D-0D20F2B3892F}.Release|Any CPU.ActiveCfg = Release|Any CPU
		{02DE69AE-330C-3FB6-183D-0D20F2B3892F}.Release|Any CPU.Build.0 = Release|Any CPU
		{0B697B50-9E50-FE01-7C16-073613920C32}.Debug|Any CPU.ActiveCfg = Debug|Any CPU
		{0B697B50-9E50-FE01-7C16-073613920C32}.Debug|Any CPU.Build.0 = Debug|Any CPU
		{0B697B50-9E50-FE01-7C16-073613920C32}.Release|Any CPU.ActiveCfg = Release|Any CPU
		{0B697B50-9E50-FE01-7C16-073613920C32}.Release|Any CPU.Build.0 = Release|Any CPU
		{69BB43B0-046A-1C18-8874-80DC57FF08C7}.Debug|Any CPU.ActiveCfg = Debug|Any CPU
		{69BB43B0-046A-1C18-8874-80DC57FF08C7}.Debug|Any CPU.Build.0 = Debug|Any CPU
		{69BB43B0-046A-1C18-8874-80DC57FF08C7}.Release|Any CPU.ActiveCfg = Release|Any CPU
		{69BB43B0-046A-1C18-8874-80DC57FF08C7}.Release|Any CPU.Build.0 = Release|Any CPU
	EndGlobalSection
	GlobalSection(SolutionProperties) = preSolution
		HideSolutionNode = FALSE
	EndGlobalSection
	GlobalSection(NestedProjects) = preSolution
		{89A58887-4B2F-868D-DB40-35DD87628821} = {02EA681E-C7D8-13C7-8484-4AC65E1B71E8}
		{95DC6278-9810-626F-1C1F-BD5B6B025A8A} = {8C0EC50E-FC1F-4F53-969C-8607A4F8806B}
		{02DE69AE-330C-3FB6-183D-0D20F2B3892F} = {671089C9-DD1D-4CB2-A4DD-44EE031F8D6E}
		{0B697B50-9E50-FE01-7C16-073613920C32} = {EA31C0DD-706F-49E8-8504-D08B4144A3E2}
		{69BB43B0-046A-1C18-8874-80DC57FF08C7} = {A0EB9694-B4CC-42B4-8950-63B54E9FE7E1}
	EndGlobalSection
	GlobalSection(ExtensibilityGlobals) = postSolution
		SolutionGuid = {FBB3308F-E14A-4943-987B-7ED5E282F13B}
	EndGlobalSection
EndGlobal
